
Microsoft Visual Studio Solution File, Format Version 12.00
# Visual Studio Version 16
VisualStudioVersion = 16.0.31229.75
MinimumVisualStudioVersion = 10.0.40219.1
Project("{9A19103F-16F7-4668-BE54-9A1E7A4F7556}") = "IMDB", "IMDBAPI\IMDB.csproj", "{0AE11AB0-9E34-43E9-AB21-F1BF18D32B2F}"
EndProject
Project("{9A19103F-16F7-4668-BE54-9A1E7A4F7556}") = "IMDB.Test", "IMDBTest\IMDB.Test.csproj", "{15491259-A76C-4358-A638-E431B8EDCAC7}"
EndProject
Global
	GlobalSection(SolutionConfigurationPlatforms) = preSolution
		Debug|Any CPU = Debug|Any CPU
		Release|Any CPU = Release|Any CPU
	EndGlobalSection
	GlobalSection(ProjectConfigurationPlatforms) = postSolution
		{0AE11AB0-9E34-43E9-AB21-F1BF18D32B2F}.Debug|Any CPU.ActiveCfg = Debug|Any CPU
		{0AE11AB0-9E34-43E9-AB21-F1BF18D32B2F}.Debug|Any CPU.Build.0 = Debug|Any CPU
		{0AE11AB0-9E34-43E9-AB21-F1BF18D32B2F}.Release|Any CPU.ActiveCfg = Release|Any CPU
		{0AE11AB0-9E34-43E9-AB21-F1BF18D32B2F}.Release|Any CPU.Build.0 = Release|Any CPU
		{15491259-A76C-4358-A638-E431B8EDCAC7}.Debug|Any CPU.ActiveCfg = Debug|Any CPU
		{15491259-A76C-4358-A638-E431B8EDCAC7}.Debug|Any CPU.Build.0 = Debug|Any CPU
		{15491259-A76C-4358-A638-E431B8EDCAC7}.Release|Any CPU.ActiveCfg = Release|Any CPU
		{15491259-A76C-4358-A638-E431B8EDCAC7}.Release|Any CPU.Build.0 = Release|Any CPU
	EndGlobalSection
	GlobalSection(SolutionProperties) = preSolution
		HideSolutionNode = FALSE
	EndGlobalSection
	GlobalSection(ExtensibilityGlobals) = postSolution
		SolutionGuid = {C159CEA4-6A0E-4417-B6CD-15DFCC437A07}
	EndGlobalSection
EndGlobal
